
Microsoft Visual Studio Solution File, Format Version 12.00
# Visual Studio Version 17
VisualStudioVersion = 17.5.33103.201
MinimumVisualStudioVersion = 10.0.40219.1
Project("{FAE04EC0-301F-11D3-BF4B-00C04F79EFBC}") = "CzechToUtf8", "CzechToUtf8.csproj", "{64977A4D-295E-4887-8CE3-751AA7150558}"
EndProject
Global
	GlobalSection(SolutionConfigurationPlatforms) = preSolution
		Debug|Any CPU = Debug|Any CPU
		Release|Any CPU = Release|Any CPU
	EndGlobalSection
	GlobalSection(ProjectConfigurationPlatforms) = postSolution
		{64977A4D-295E-4887-8CE3-751AA7150558}.Debug|Any CPU.ActiveCfg = Debug|Any CPU
		{64977A4D-295E-4887-8CE3-751AA7150558}.Debug|Any CPU.Build.0 = Debug|Any CPU
		{64977A4D-295E-4887-8CE3-751AA7150558}.Release|Any CPU.ActiveCfg = Release|Any CPU
		{64977A4D-295E-4887-8CE3-751AA7150558}.Release|Any CPU.Build.0 = Release|Any CPU
	EndGlobalSection
	GlobalSection(SolutionProperties) = preSolution
		HideSolutionNode = FALSE
	EndGlobalSection
	GlobalSection(ExtensibilityGlobals) = postSolution
		SolutionGuid = {81BD684B-A1A1-4F13-BAF2-4E806A027921}
	EndGlobalSection
EndGlobal
